
Microsoft Visual Studio Solution File, Format Version 12.00
# Visual Studio Version 17
VisualStudioVersion = 17.3.32929.385
MinimumVisualStudioVersion = 10.0.40219.1
Project("{FAE04EC0-301F-11D3-BF4B-00C04F79EFBC}") = "DataStructure_Day_5", "DataStructure_Day_5.csproj", "{DDEB7274-388E-446E-A510-8D18208B194F}"
EndProject
Global
	GlobalSection(SolutionConfigurationPlatforms) = preSolution
		Debug|Any CPU = Debug|Any CPU
		Release|Any CPU = Release|Any CPU
	EndGlobalSection
	GlobalSection(ProjectConfigurationPlatforms) = postSolution
		{DDEB7274-388E-446E-A510-8D18208B194F}.Debug|Any CPU.ActiveCfg = Debug|Any CPU
		{DDEB7274-388E-446E-A510-8D18208B194F}.Debug|Any CPU.Build.0 = Debug|Any CPU
		{DDEB7274-388E-446E-A510-8D18208B194F}.Release|Any CPU.ActiveCfg = Release|Any CPU
		{DDEB7274-388E-446E-A510-8D18208B194F}.Release|Any CPU.Build.0 = Release|Any CPU
	EndGlobalSection
	GlobalSection(SolutionProperties) = preSolution
		HideSolutionNode = FALSE
	EndGlobalSection
	GlobalSection(ExtensibilityGlobals) = postSolution
		SolutionGuid = {852293C6-1825-48C5-8F5C-33BE768B34FB}
	EndGlobalSection
EndGlobal
