
Microsoft Visual Studio Solution File, Format Version 12.00
# Visual Studio Version 17
VisualStudioVersion = 17.3.32929.385
MinimumVisualStudioVersion = 10.0.40219.1
Project("{FAE04EC0-301F-11D3-BF4B-00C04F79EFBC}") = "DS_D_9", "DS_D_9.csproj", "{B67F3B0F-A6A8-468F-ABD0-0047C7E450BE}"
EndProject
Global
	GlobalSection(SolutionConfigurationPlatforms) = preSolution
		Debug|Any CPU = Debug|Any CPU
		Release|Any CPU = Release|Any CPU
	EndGlobalSection
	GlobalSection(ProjectConfigurationPlatforms) = postSolution
		{B67F3B0F-A6A8-468F-ABD0-0047C7E450BE}.Debug|Any CPU.ActiveCfg = Debug|Any CPU
		{B67F3B0F-A6A8-468F-ABD0-0047C7E450BE}.Debug|Any CPU.Build.0 = Debug|Any CPU
		{B67F3B0F-A6A8-468F-ABD0-0047C7E450BE}.Release|Any CPU.ActiveCfg = Release|Any CPU
		{B67F3B0F-A6A8-468F-ABD0-0047C7E450BE}.Release|Any CPU.Build.0 = Release|Any CPU
	EndGlobalSection
	GlobalSection(SolutionProperties) = preSolution
		HideSolutionNode = FALSE
	EndGlobalSection
	GlobalSection(ExtensibilityGlobals) = postSolution
		SolutionGuid = {2BE54E6F-4940-4391-B763-6A8F1C452B1C}
	EndGlobalSection
EndGlobal
