
Microsoft Visual Studio Solution File, Format Version 12.00
# Visual Studio Version 17
VisualStudioVersion = 17.3.32929.385
MinimumVisualStudioVersion = 10.0.40219.1
Project("{FAE04EC0-301F-11D3-BF4B-00C04F79EFBC}") = "Algorithm_I_Day_5", "Algorithm_I_Day_5.csproj", "{274A2DA9-25A4-42B8-8D9F-1DCC3838C575}"
EndProject
Global
	GlobalSection(SolutionConfigurationPlatforms) = preSolution
		Debug|Any CPU = Debug|Any CPU
		Release|Any CPU = Release|Any CPU
	EndGlobalSection
	GlobalSection(ProjectConfigurationPlatforms) = postSolution
		{274A2DA9-25A4-42B8-8D9F-1DCC3838C575}.Debug|Any CPU.ActiveCfg = Debug|Any CPU
		{274A2DA9-25A4-42B8-8D9F-1DCC3838C575}.Debug|Any CPU.Build.0 = Debug|Any CPU
		{274A2DA9-25A4-42B8-8D9F-1DCC3838C575}.Release|Any CPU.ActiveCfg = Release|Any CPU
		{274A2DA9-25A4-42B8-8D9F-1DCC3838C575}.Release|Any CPU.Build.0 = Release|Any CPU
	EndGlobalSection
	GlobalSection(SolutionProperties) = preSolution
		HideSolutionNode = FALSE
	EndGlobalSection
	GlobalSection(ExtensibilityGlobals) = postSolution
		SolutionGuid = {9D548475-98D0-4209-A16E-E47CB31F49C1}
	EndGlobalSection
EndGlobal
